{
  "version": "5",
  "remote": {
    "https://edge.netlify.com/": "fd941d61d88673d5f28aab283fb86fcc50f08a3bc80ee5470498fcfa88c65cfb",
    "https://edge.netlify.com/bootstrap/config.ts": "6a2ce0e544e15e8f8883a5c18da5948e37fd0f2619f68cb31f3af53c51817025",
    "https://edge.netlify.com/bootstrap/context.ts": "e97240232121e2f369f6546ce961490f34d961ea1ea54be3ff09633e3f08373f",
    "https://edge.netlify.com/bootstrap/cookie.ts": "8b0baae708989ca183c6f3b4ab3d029e6abcbc2e43f93edeb0ff447b3bbc3a05",
    "https://edge.netlify.com/bootstrap/edge_function.ts": "b8253e86aa83c67341f5cfedeba5049d77fbf84dcab7eceff7566b7728ae9b39",
    "https://edge.netlify.com/bootstrap/globals/types.ts": "eaa6148ded3121d8dee62dd91c86e7fe76601df0f3ca8d7962243a30f4c8935f"
  },
  "workspace": {
    "packageJson": {
      "dependencies": [
        "npm:@ckeditor/ckeditor5-build-classic@^39.0.2",
        "npm:@ckeditor/ckeditor5-react@^9.5.0",
        "npm:@emotion/react@^11.14.0",
        "npm:@emotion/styled@^11.14.0",
        "npm:@fortawesome/fontawesome-svg-core@^7.1.0",
        "npm:@fortawesome/react-fontawesome@^3.1.1",
        "npm:@fullcalendar/core@^6.1.15",
        "npm:@fullcalendar/daygrid@^6.1.15",
        "npm:@fullcalendar/react@^6.1.15",
        "npm:@mantine/core@^7.17.0",
        "npm:@mantine/hooks@^7.17.0",
        "npm:@mui/material@^6.4.5",
        "npm:@netlify/cache-utils@^5.2.0",
        "npm:@netlify/functions@3",
        "npm:@netlify/plugin-lighthouse@^6.0.4",
        "npm:@netlify/plugin-nextjs@^5.9.4",
        "npm:@next/bundle-analyzer@^15.1.7",
        "npm:@next/font@14.2.15",
        "npm:@nextui-org/react@^2.6.11",
        "npm:@radix-ui/react-dropdown-menu@^2.1.6",
        "npm:@radix-ui/react-label@^2.1.2",
        "npm:@radix-ui/react-popover@^1.1.6",
        "npm:@radix-ui/react-separator@^1.1.2",
        "npm:@radix-ui/react-slot@^1.1.2",
        "npm:@radix-ui/react-switch@^1.1.3",
        "npm:@radix-ui/react-tooltip@^1.1.8",
        "npm:@sendgrid/mail@^8.1.4",
        "npm:@shadcn/ui@^0.0.4",
        "npm:@supabase/auth-ui-react@~0.4.7",
        "npm:@supabase/ssr@0.8",
        "npm:@supabase/supabase-js@^2.89.0",
        "npm:@tailwindcss/postcss@^4.0.9",
        "npm:@types/formidable@^3.4.5",
        "npm:@types/jspdf@^1.3.3",
        "npm:@types/leaflet-draw@^1.0.11",
        "npm:@types/leaflet@^1.9.16",
        "npm:@types/moment@^2.11.29",
        "npm:@types/node-cron@^3.0.11",
        "npm:@types/node@^22.13.5",
        "npm:@types/nodemailer@^6.4.17",
        "npm:@types/papaparse@^5.3.15",
        "npm:@types/pg@^8.11.11",
        "npm:@types/react-big-calendar@^1.16.1",
        "npm:@types/react-dom@^19.0.4",
        "npm:@types/react-modal@^3.16.3",
        "npm:@types/react-tooltip@^4.2.4",
        "npm:@types/uuid@10",
        "npm:autoprefixer@^10.4.20",
        "npm:class-variance-authority@~0.7.1",
        "npm:docx@^9.2.0",
        "npm:dotenv@^16.6.1",
        "npm:eslint@^9.34.0",
        "npm:formidable@^3.5.3",
        "npm:framer-motion@^12.23.22",
        "npm:fuse.js@^7.1.0",
        "npm:html-react-parser@^5.2.2",
        "npm:jspdf@4",
        "npm:lucide-react@0.476",
        "npm:moment@^2.30.1",
        "npm:netlify-cli@^23.13.0",
        "npm:node-cron@^3.0.3",
        "npm:nodemailer@^7.0.12",
        "npm:papaparse@^5.5.2",
        "npm:pg@^8.13.3",
        "npm:react-big-calendar@^1.18.0",
        "npm:react-dom@^19.2.3",
        "npm:react-hook-form@^7.54.2",
        "npm:react-icons@^5.5.0",
        "npm:react-modal@^3.16.3",
        "npm:react-toastify@^11.0.5",
        "npm:react@^19.2.3",
        "npm:tailwind-merge@^3.0.2",
        "npm:tailwindcss-animate@^1.0.7",
        "npm:tailwindcss@^4.1.11",
        "npm:typescript@^5.7.3",
        "npm:uuid@^11.1.0"
      ]
    }
  }
}
